// !$*UTF8*$!
{
	archiveVersion = 1;
	classes = {
	};
	objectVersion = 56;
	objects = {

/* Begin PBXBuildFile section */
		D073F31A296C5E3200E25426 /* AppDelegate.m in Sources */ = {isa = PBXBuildFile; fileRef = D073F319296C5E3200E25426 /* AppDelegate.m */; };
		D073F31D296C5E3200E25426 /* SceneDelegate.m in Sources */ = {isa = PBXBuildFile; fileRef = D073F31C296C5E3200E25426 /* SceneDelegate.m */; };
		D073F320296C5E3200E25426 /* ViewController.m in Sources */ = {isa = PBXBuildFile; fileRef = D073F31F296C5E3200E25426 /* ViewController.m */; };
		D073F323296C5E3200E25426 /* Main.storyboard in Resources */ = {isa = PBXBuildFile; fileRef = D073F321296C5E3200E25426 /* Main.storyboard */; };
		D073F326296C5E3200E25426 /* tic_tac_toe_plus_OC.xcdatamodeld in Sources */ = {isa = PBXBuildFile; fileRef = D073F324296C5E3200E25426 /* tic_tac_toe_plus_OC.xcdatamodeld */; };
		D073F328296C5E3400E25426 /* Assets.xcassets in Resources */ = {isa = PBXBuildFile; fileRef = D073F327296C5E3400E25426 /* Assets.xcassets */; };
		D073F32B296C5E3400E25426 /* LaunchScreen.storyboard in Resources */ = {isa = PBXBuildFile; fileRef = D073F329296C5E3400E25426 /* LaunchScreen.storyboard */; };
		D073F32E296C5E3400E25426 /* main.m in Sources */ = {isa = PBXBuildFile; fileRef = D073F32D296C5E3400E25426 /* main.m */; };
		D073F338296C5E3400E25426 /* tic_tac_toe_plus_OCTests.m in Sources */ = {isa = PBXBuildFile; fileRef = D073F337296C5E3400E25426 /* tic_tac_toe_plus_OCTests.m */; };
		D073F342296C5E3400E25426 /* tic_tac_toe_plus_OCUITests.m in Sources */ = {isa = PBXBuildFile; fileRef = D073F341296C5E3400E25426 /* tic_tac_toe_plus_OCUITests.m */; };
		D073F344296C5E3400E25426 /* tic_tac_toe_plus_OCUITestsLaunchTests.m in Sources */ = {isa = PBXBuildFile; fileRef = D073F343296C5E3400E25426 /* tic_tac_toe_plus_OCUITestsLaunchTests.m */; };
		D073F353296C5F1C00E25426 /* Chessboard.m in Sources */ = {isa = PBXBuildFile; fileRef = D073F352296C5F1C00E25426 /* Chessboard.m */; };
		D073F356296C61C000E25426 /* CellRow.m in Sources */ = {isa = PBXBuildFile; fileRef = D073F355296C61C000E25426 /* CellRow.m */; };
		D073F359296C6FEB00E25426 /* Player.m in Sources */ = {isa = PBXBuildFile; fileRef = D073F358296C6FEB00E25426 /* Player.m */; };
/* End PBXBuildFile section */

/* Begin PBXContainerItemProxy section */
		D073F334296C5E3400E25426 /* PBXContainerItemProxy */ = {
			isa = PBXContainerItemProxy;
			containerPortal = D073F30D296C5E3200E25426 /* Project object */;
			proxyType = 1;
			remoteGlobalIDString = D073F314296C5E3200E25426;
			remoteInfo = "tic-tac-toe-plus-OC";
		};
		D073F33E296C5E3400E25426 /* PBXContainerItemProxy */ = {
			isa = PBXContainerItemProxy;
			containerPortal = D073F30D296C5E3200E25426 /* Project object */;
			proxyType = 1;
			remoteGlobalIDString = D073F314296C5E3200E25426;
			remoteInfo = "tic-tac-toe-plus-OC";
		};
/* End PBXContainerItemProxy section */

/* Begin PBXFileReference section */
		D073F315296C5E3200E25426 /* tic-tac-toe-plus-OC.app */ = {isa = PBXFileReference; explicitFileType = wrapper.application; includeInIndex = 0; path = "tic-tac-toe-plus-OC.app"; sourceTree = BUILT_PRODUCTS_DIR; };
		D073F318296C5E3200E25426 /* AppDelegate.h */ = {isa = PBXFileReference; lastKnownFileType = sourcecode.c.h; path = AppDelegate.h; sourceTree = "<group>"; };
		D073F319296C5E3200E25426 /* AppDelegate.m */ = {isa = PBXFileReference; lastKnownFileType = sourcecode.c.objc; path = AppDelegate.m; sourceTree = "<group>"; };
		D073F31B296C5E3200E25426 /* SceneDelegate.h */ = {isa = PBXFileReference; lastKnownFileType = sourcecode.c.h; path = SceneDelegate.h; sourceTree = "<group>"; };
		D073F31C296C5E3200E25426 /* SceneDelegate.m */ = {isa = PBXFileReference; lastKnownFileType = sourcecode.c.objc; path = SceneDelegate.m; sourceTree = "<group>"; };
		D073F31E296C5E3200E25426 /* ViewController.h */ = {isa = PBXFileReference; lastKnownFileType = sourcecode.c.h; path = ViewController.h; sourceTree = "<group>"; };
		D073F31F296C5E3200E25426 /* ViewController.m */ = {isa = PBXFileReference; lastKnownFileType = sourcecode.c.objc; path = ViewController.m; sourceTree = "<group>"; };
		D073F322296C5E3200E25426 /* Base */ = {isa = PBXFileReference; lastKnownFileType = file.storyboard; name = Base; path = Base.lproj/Main.storyboard; sourceTree = "<group>"; };
		D073F325296C5E3200E25426 /* tic_tac_toe_plus_OC.xcdatamodel */ = {isa = PBXFileReference; lastKnownFileType = wrapper.xcdatamodel; path = tic_tac_toe_plus_OC.xcdatamodel; sourceTree = "<group>"; };
		D073F327296C5E3400E25426 /* Assets.xcassets */ = {isa = PBXFileReference; lastKnownFileType = folder.assetcatalog; path = Assets.xcassets; sourceTree = "<group>"; };
		D073F32A296C5E3400E25426 /* Base */ = {isa = PBXFileReference; lastKnownFileType = file.storyboard; name = Base; path = Base.lproj/LaunchScreen.storyboard; sourceTree = "<group>"; };
		D073F32C296C5E3400E25426 /* Info.plist */ = {isa = PBXFileReference; lastKnownFileType = text.plist.xml; path = Info.plist; sourceTree = "<group>"; };
		D073F32D296C5E3400E25426 /* main.m */ = {isa = PBXFileReference; lastKnownFileType = sourcecode.c.objc; path = main.m; sourceTree = "<group>"; };
		D073F333296C5E3400E25426 /* tic-tac-toe-plus-OCTests.xctest */ = {isa = PBXFileReference; explicitFileType = wrapper.cfbundle; includeInIndex = 0; path = "tic-tac-toe-plus-OCTests.xctest"; sourceTree = BUILT_PRODUCTS_DIR; };
		D073F337296C5E3400E25426 /* tic_tac_toe_plus_OCTests.m */ = {isa = PBXFileReference; lastKnownFileType = sourcecode.c.objc; path = tic_tac_toe_plus_OCTests.m; sourceTree = "<group>"; };
		D073F33D296C5E3400E25426 /* tic-tac-toe-plus-OCUITests.xctest */ = {isa = PBXFileReference; explicitFileType = wrapper.cfbundle; includeInIndex = 0; path = "tic-tac-toe-plus-OCUITests.xctest"; sourceTree = BUILT_PRODUCTS_DIR; };
		D073F341296C5E3400E25426 /* tic_tac_toe_plus_OCUITests.m */ = {isa = PBXFileReference; lastKnownFileType = sourcecode.c.objc; path = tic_tac_toe_plus_OCUITests.m; sourceTree = "<group>"; };
		D073F343296C5E3400E25426 /* tic_tac_toe_plus_OCUITestsLaunchTests.m */ = {isa = PBXFileReference; lastKnownFileType = sourcecode.c.objc; path = tic_tac_toe_plus_OCUITestsLaunchTests.m; sourceTree = "<group>"; };
		D073F351296C5F1C00E25426 /* Chessboard.h */ = {isa = PBXFileReference; lastKnownFileType = sourcecode.c.h; path = Chessboard.h; sourceTree = "<group>"; };
		D073F352296C5F1C00E25426 /* Chessboard.m */ = {isa = PBXFileReference; lastKnownFileType = sourcecode.c.objc; path = Chessboard.m; sourceTree = "<group>"; };
		D073F354296C61C000E25426 /* CellRow.h */ = {isa = PBXFileReference; lastKnownFileType = sourcecode.c.h; path = CellRow.h; sourceTree = "<group>"; };
		D073F355296C61C000E25426 /* CellRow.m */ = {isa = PBXFileReference; lastKnownFileType = sourcecode.c.objc; path = CellRow.m; sourceTree = "<group>"; };
		D073F357296C6FEB00E25426 /* Player.h */ = {isa = PBXFileReference; lastKnownFileType = sourcecode.c.h; path = Player.h; sourceTree = "<group>"; };
		D073F358296C6FEB00E25426 /* Player.m */ = {isa = PBXFileReference; lastKnownFileType = sourcecode.c.objc; path = Player.m; sourceTree = "<group>"; };
/* End PBXFileReference section */

/* Begin PBXFrameworksBuildPhase section */
		D073F312296C5E3200E25426 /* Frameworks */ = {
			isa = PBXFrameworksBuildPhase;
			buildActionMask = 2147483647;
			files = (
			);
			runOnlyForDeploymentPostprocessing = 0;
		};
		D073F330296C5E3400E25426 /* Frameworks */ = {
			isa = PBXFrameworksBuildPhase;
			buildActionMask = 2147483647;
			files = (
			);
			runOnlyForDeploymentPostprocessing = 0;
		};
		D073F33A296C5E3400E25426 /* Frameworks */ = {
			isa = PBXFrameworksBuildPhase;
			buildActionMask = 2147483647;
			files = (
			);
			runOnlyForDeploymentPostprocessing = 0;
		};
/* End PBXFrameworksBuildPhase section */

/* Begin PBXGroup section */
		D073F30C296C5E3200E25426 = {
			isa = PBXGroup;
			children = (
				D073F317296C5E3200E25426 /* tic-tac-toe-plus-OC */,
				D073F336296C5E3400E25426 /* tic-tac-toe-plus-OCTests */,
				D073F340296C5E3400E25426 /* tic-tac-toe-plus-OCUITests */,
				D073F316296C5E3200E25426 /* Products */,
			);
			sourceTree = "<group>";
		};
		D073F316296C5E3200E25426 /* Products */ = {
			isa = PBXGroup;
			children = (
				D073F315296C5E3200E25426 /* tic-tac-toe-plus-OC.app */,
				D073F333296C5E3400E25426 /* tic-tac-toe-plus-OCTests.xctest */,
				D073F33D296C5E3400E25426 /* tic-tac-toe-plus-OCUITests.xctest */,
			);
			name = Products;
			sourceTree = "<group>";
		};
		D073F317296C5E3200E25426 /* tic-tac-toe-plus-OC */ = {
			isa = PBXGroup;
			children = (
				D073F350296C5EA200E25426 /* GameCore */,
				D073F318296C5E3200E25426 /* AppDelegate.h */,
				D073F319296C5E3200E25426 /* AppDelegate.m */,
				D073F31B296C5E3200E25426 /* SceneDelegate.h */,
				D073F31C296C5E3200E25426 /* SceneDelegate.m */,
				D073F31E296C5E3200E25426 /* ViewController.h */,
				D073F31F296C5E3200E25426 /* ViewController.m */,
				D073F321296C5E3200E25426 /* Main.storyboard */,
				D073F327296C5E3400E25426 /* Assets.xcassets */,
				D073F329296C5E3400E25426 /* LaunchScreen.storyboard */,
				D073F32C296C5E3400E25426 /* Info.plist */,
				D073F32D296C5E3400E25426 /* main.m */,
				D073F324296C5E3200E25426 /* tic_tac_toe_plus_OC.xcdatamodeld */,
			);
			path = "tic-tac-toe-plus-OC";
			sourceTree = "<group>";
		};
		D073F336296C5E3400E25426 /* tic-tac-toe-plus-OCTests */ = {
			isa = PBXGroup;
			children = (
				D073F337296C5E3400E25426 /* tic_tac_toe_plus_OCTests.m */,
			);
			path = "tic-tac-toe-plus-OCTests";
			sourceTree = "<group>";
		};
		D073F340296C5E3400E25426 /* tic-tac-toe-plus-OCUITests */ = {
			isa = PBXGroup;
			children = (
				D073F341296C5E3400E25426 /* tic_tac_toe_plus_OCUITests.m */,
				D073F343296C5E3400E25426 /* tic_tac_toe_plus_OCUITestsLaunchTests.m */,
			);
			path = "tic-tac-toe-plus-OCUITests";
			sourceTree = "<group>";
		};
		D073F350296C5EA200E25426 /* GameCore */ = {
			isa = PBXGroup;
			children = (
				D073F351296C5F1C00E25426 /* Chessboard.h */,
				D073F352296C5F1C00E25426 /* Chessboard.m */,
				D073F354296C61C000E25426 /* CellRow.h */,
				D073F355296C61C000E25426 /* CellRow.m */,
				D073F357296C6FEB00E25426 /* Player.h */,
				D073F358296C6FEB00E25426 /* Player.m */,
			);
			path = GameCore;
			sourceTree = "<group>";
		};
/* End PBXGroup section */

/* Begin PBXNativeTarget section */
		D073F314296C5E3200E25426 /* tic-tac-toe-plus-OC */ = {
			isa = PBXNativeTarget;
			buildConfigurationList = D073F347296C5E3400E25426 /* Build configuration list for PBXNativeTarget "tic-tac-toe-plus-OC" */;
			buildPhases = (
				D073F311296C5E3200E25426 /* Sources */,
				D073F312296C5E3200E25426 /* Frameworks */,
				D073F313296C5E3200E25426 /* Resources */,
			);
			buildRules = (
			);
			dependencies = (
			);
			name = "tic-tac-toe-plus-OC";
			productName = "tic-tac-toe-plus-OC";
			productReference = D073F315296C5E3200E25426 /* tic-tac-toe-plus-OC.app */;
			productType = "com.apple.product-type.application";
		};
		D073F332296C5E3400E25426 /* tic-tac-toe-plus-OCTests */ = {
			isa = PBXNativeTarget;
			buildConfigurationList = D073F34A296C5E3400E25426 /* Build configuration list for PBXNativeTarget "tic-tac-toe-plus-OCTests" */;
			buildPhases = (
				D073F32F296C5E3400E25426 /* Sources */,
				D073F330296C5E3400E25426 /* Frameworks */,
				D073F331296C5E3400E25426 /* Resources */,
			);
			buildRules = (
			);
			dependencies = (
				D073F335296C5E3400E25426 /* PBXTargetDependency */,
			);
			name = "tic-tac-toe-plus-OCTests";
			productName = "tic-tac-toe-plus-OCTests";
			productReference = D073F333296C5E3400E25426 /* tic-tac-toe-plus-OCTests.xctest */;
			productType = "com.apple.product-type.bundle.unit-test";
		};
		D073F33C296C5E3400E25426 /* tic-tac-toe-plus-OCUITests */ = {
			isa = PBXNativeTarget;
			buildConfigurationList = D073F34D296C5E3400E25426 /* Build configuration list for PBXNativeTarget "tic-tac-toe-plus-OCUITests" */;
			buildPhases = (
				D073F339296C5E3400E25426 /* Sources */,
				D073F33A296C5E3400E25426 /* Frameworks */,
				D073F33B296C5E3400E25426 /* Resources */,
			);
			buildRules = (
			);
			dependencies = (
				D073F33F296C5E3400E25426 /* PBXTargetDependency */,
			);
			name = "tic-tac-toe-plus-OCUITests";
			productName = "tic-tac-toe-plus-OCUITests";
			productReference = D073F33D296C5E3400E25426 /* tic-tac-toe-plus-OCUITests.xctest */;
			productType = "com.apple.product-type.bundle.ui-testing";
		};
/* End PBXNativeTarget section */

/* Begin PBXProject section */
		D073F30D296C5E3200E25426 /* Project object */ = {
			isa = PBXProject;
			attributes = {
				BuildIndependentTargetsInParallel = 1;
				LastUpgradeCheck = 1410;
				TargetAttributes = {
					D073F314296C5E3200E25426 = {
						CreatedOnToolsVersion = 14.1;
					};
					D073F332296C5E3400E25426 = {
						CreatedOnToolsVersion = 14.1;
						TestTargetID = D073F314296C5E3200E25426;
					};
					D073F33C296C5E3400E25426 = {
						CreatedOnToolsVersion = 14.1;
						TestTargetID = D073F314296C5E3200E25426;
					};
				};
			};
			buildConfigurationList = D073F310296C5E3200E25426 /* Build configuration list for PBXProject "tic-tac-toe-plus-OC" */;
			compatibilityVersion = "Xcode 14.0";
			developmentRegion = en;
			hasScannedForEncodings = 0;
			knownRegions = (
				en,
				Base,
			);
			mainGroup = D073F30C296C5E3200E25426;
			productRefGroup = D073F316296C5E3200E25426 /* Products */;
			projectDirPath = "";
			projectRoot = "";
			targets = (
				D073F314296C5E3200E25426 /* tic-tac-toe-plus-OC */,
				D073F332296C5E3400E25426 /* tic-tac-toe-plus-OCTests */,
				D073F33C296C5E3400E25426 /* tic-tac-toe-plus-OCUITests */,
			);
		};
/* End PBXProject section */

/* Begin PBXResourcesBuildPhase section */
		D073F313296C5E3200E25426 /* Resources */ = {
			isa = PBXResourcesBuildPhase;
			buildActionMask = 2147483647;
			files = (
				D073F32B296C5E3400E25426 /* LaunchScreen.storyboard in Resources */,
				D073F328296C5E3400E25426 /* Assets.xcassets in Resources */,
				D073F323296C5E3200E25426 /* Main.storyboard in Resources */,
			);
			runOnlyForDeploymentPostprocessing = 0;
		};
		D073F331296C5E3400E25426 /* Resources */ = {
			isa = PBXResourcesBuildPhase;
			buildActionMask = 2147483647;
			files = (
			);
			runOnlyForDeploymentPostprocessing = 0;
		};
		D073F33B296C5E3400E25426 /* Resources */ = {
			isa = PBXResourcesBuildPhase;
			buildActionMask = 2147483647;
			files = (
			);
			runOnlyForDeploymentPostprocessing = 0;
		};
/* End PBXResourcesBuildPhase section */

/* Begin PBXSourcesBuildPhase section */
		D073F311296C5E3200E25426 /* Sources */ = {
			isa = PBXSourcesBuildPhase;
			buildActionMask = 2147483647;
			files = (
				D073F359296C6FEB00E25426 /* Player.m in Sources */,
				D073F32E296C5E3400E25426 /* main.m in Sources */,
				D073F326296C5E3200E25426 /* tic_tac_toe_plus_OC.xcdatamodeld in Sources */,
				D073F320296C5E3200E25426 /* ViewController.m in Sources */,
				D073F31A296C5E3200E25426 /* AppDelegate.m in Sources */,
				D073F31D296C5E3200E25426 /* SceneDelegate.m in Sources */,
				D073F353296C5F1C00E25426 /* Chessboard.m in Sources */,
				D073F356296C61C000E25426 /* CellRow.m in Sources */,
			);
			runOnlyForDeploymentPostprocessing = 0;
		};
		D073F32F296C5E3400E25426 /* Sources */ = {
			isa = PBXSourcesBuildPhase;
			buildActionMask = 2147483647;
			files = (
				D073F338296C5E3400E25426 /* tic_tac_toe_plus_OCTests.m in Sources */,
			);
			runOnlyForDeploymentPostprocessing = 0;
		};
		D073F339296C5E3400E25426 /* Sources */ = {
			isa = PBXSourcesBuildPhase;
			buildActionMask = 2147483647;
			files = (
				D073F342296C5E3400E25426 /* tic_tac_toe_plus_OCUITests.m in Sources */,
				D073F344296C5E3400E25426 /* tic_tac_toe_plus_OCUITestsLaunchTests.m in Sources */,
			);
			runOnlyForDeploymentPostprocessing = 0;
		};
/* End PBXSourcesBuildPhase section */

/* Begin PBXTargetDependency section */
		D073F335296C5E3400E25426 /* PBXTargetDependency */ = {
			isa = PBXTargetDependency;
			target = D073F314296C5E3200E25426 /* tic-tac-toe-plus-OC */;
			targetProxy = D073F334296C5E3400E25426 /* PBXContainerItemProxy */;
		};
		D073F33F296C5E3400E25426 /* PBXTargetDependency */ = {
			isa = PBXTargetDependency;
			target = D073F314296C5E3200E25426 /* tic-tac-toe-plus-OC */;
			targetProxy = D073F33E296C5E3400E25426 /* PBXContainerItemProxy */;
		};
/* End PBXTargetDependency section */

/* Begin PBXVariantGroup section */
		D073F321296C5E3200E25426 /* Main.storyboard */ = {
			isa = PBXVariantGroup;
			children = (
				D073F322296C5E3200E25426 /* Base */,
			);
			name = Main.storyboard;
			sourceTree = "<group>";
		};
		D073F329296C5E3400E25426 /* LaunchScreen.storyboard */ = {
			isa = PBXVariantGroup;
			children = (
				D073F32A296C5E3400E25426 /* Base */,
			);
			name = LaunchScreen.storyboard;
			sourceTree = "<group>";
		};
/* End PBXVariantGroup section */

/* Begin XCBuildConfiguration section */
		D073F345296C5E3400E25426 /* Debug */ = {
			isa = XCBuildConfiguration;
			buildSettings = {
				ALWAYS_SEARCH_USER_PATHS = NO;
				CLANG_ANALYZER_NONNULL = YES;
				CLANG_ANALYZER_NUMBER_OBJECT_CONVERSION = YES_AGGRESSIVE;
				CLANG_CXX_LANGUAGE_STANDARD = "gnu++20";
				CLANG_ENABLE_MODULES = YES;
				CLANG_ENABLE_OBJC_ARC = YES;
				CLANG_ENABLE_OBJC_WEAK = YES;
				CLANG_WARN_BLOCK_CAPTURE_AUTORELEASING = YES;
				CLANG_WARN_BOOL_CONVERSION = YES;
				CLANG_WARN_COMMA = YES;
				CLANG_WARN_CONSTANT_CONVERSION = YES;
				CLANG_WARN_DEPRECATED_OBJC_IMPLEMENTATIONS = YES;
				CLANG_WARN_DIRECT_OBJC_ISA_USAGE = YES_ERROR;
				CLANG_WARN_DOCUMENTATION_COMMENTS = YES;
				CLANG_WARN_EMPTY_BODY = YES;
				CLANG_WARN_ENUM_CONVERSION = YES;
				CLANG_WARN_INFINITE_RECURSION = YES;
				CLANG_WARN_INT_CONVERSION = YES;
				CLANG_WARN_NON_LITERAL_NULL_CONVERSION = YES;
				CLANG_WARN_OBJC_IMPLICIT_RETAIN_SELF = YES;
				CLANG_WARN_OBJC_LITERAL_CONVERSION = YES;
				CLANG_WARN_OBJC_ROOT_CLASS = YES_ERROR;
				CLANG_WARN_QUOTED_INCLUDE_IN_FRAMEWORK_HEADER = YES;
				CLANG_WARN_RANGE_LOOP_ANALYSIS = YES;
				CLANG_WARN_STRICT_PROTOTYPES = YES;
				CLANG_WARN_SUSPICIOUS_MOVE = YES;
				CLANG_WARN_UNGUARDED_AVAILABILITY = YES_AGGRESSIVE;
				CLANG_WARN_UNREACHABLE_CODE = YES;
				CLANG_WARN__DUPLICATE_METHOD_MATCH = YES;
				COPY_PHASE_STRIP = NO;
				DEBUG_INFORMATION_FORMAT = dwarf;
				ENABLE_STRICT_OBJC_MSGSEND = YES;
				ENABLE_TESTABILITY = YES;
				GCC_C_LANGUAGE_STANDARD = gnu11;
				GCC_DYNAMIC_NO_PIC = NO;
				GCC_NO_COMMON_BLOCKS = YES;
				GCC_OPTIMIZATION_LEVEL = 0;
				GCC_PREPROCESSOR_DEFINITIONS = (
					"DEBUG=1",
					"$(inherited)",
				);
				GCC_WARN_64_TO_32_BIT_CONVERSION = YES;
				GCC_WARN_ABOUT_RETURN_TYPE = YES_ERROR;
				GCC_WARN_UNDECLARED_SELECTOR = YES;
				GCC_WARN_UNINITIALIZED_AUTOS = YES_AGGRESSIVE;
				GCC_WARN_UNUSED_FUNCTION = YES;
				GCC_WARN_UNUSED_VARIABLE = YES;
				IPHONEOS_DEPLOYMENT_TARGET = 16.1;
				MTL_ENABLE_DEBUG_INFO = INCLUDE_SOURCE;
				MTL_FAST_MATH = YES;
				ONLY_ACTIVE_ARCH = YES;
				SDKROOT = iphoneos;
			};
			name = Debug;
		};
		D073F346296C5E3400E25426 /* Release */ = {
			isa = XCBuildConfiguration;
			buildSettings = {
				ALWAYS_SEARCH_USER_PATHS = NO;
				CLANG_ANALYZER_NONNULL = YES;
				CLANG_ANALYZER_NUMBER_OBJECT_CONVERSION = YES_AGGRESSIVE;
				CLANG_CXX_LANGUAGE_STANDARD = "gnu++20";
				CLANG_ENABLE_MODULES = YES;
				CLANG_ENABLE_OBJC_ARC = YES;
				CLANG_ENABLE_OBJC_WEAK = YES;
				CLANG_WARN_BLOCK_CAPTURE_AUTORELEASING = YES;
				CLANG_WARN_BOOL_CONVERSION = YES;
				CLANG_WARN_COMMA = YES;
				CLANG_WARN_CONSTANT_CONVERSION = YES;
				CLANG_WARN_DEPRECATED_OBJC_IMPLEMENTATIONS = YES;
				CLANG_WARN_DIRECT_OBJC_ISA_USAGE = YES_ERROR;
				CLANG_WARN_DOCUMENTATION_COMMENTS = YES;
				CLANG_WARN_EMPTY_BODY = YES;
				CLANG_WARN_ENUM_CONVERSION = YES;
				CLANG_WARN_INFINITE_RECURSION = YES;
				CLANG_WARN_INT_CONVERSION = YES;
				CLANG_WARN_NON_LITERAL_NULL_CONVERSION = YES;
				CLANG_WARN_OBJC_IMPLICIT_RETAIN_SELF = YES;
				CLANG_WARN_OBJC_LITERAL_CONVERSION = YES;
				CLANG_WARN_OBJC_ROOT_CLASS = YES_ERROR;
				CLANG_WARN_QUOTED_INCLUDE_IN_FRAMEWORK_HEADER = YES;
				CLANG_WARN_RANGE_LOOP_ANALYSIS = YES;
				CLANG_WARN_STRICT_PROTOTYPES = YES;
				CLANG_WARN_SUSPICIOUS_MOVE = YES;
				CLANG_WARN_UNGUARDED_AVAILABILITY = YES_AGGRESSIVE;
				CLANG_WARN_UNREACHABLE_CODE = YES;
				CLANG_WARN__DUPLICATE_METHOD_MATCH = YES;
				COPY_PHASE_STRIP = NO;
				DEBUG_INFORMATION_FORMAT = "dwarf-with-dsym";
				ENABLE_NS_ASSERTIONS = NO;
				ENABLE_STRICT_OBJC_MSGSEND = YES;
				GCC_C_LANGUAGE_STANDARD = gnu11;
				GCC_NO_COMMON_BLOCKS = YES;
				GCC_WARN_64_TO_32_BIT_CONVERSION = YES;
				GCC_WARN_ABOUT_RETURN_TYPE = YES_ERROR;
				GCC_WARN_UNDECLARED_SELECTOR = YES;
				GCC_WARN_UNINITIALIZED_AUTOS = YES_AGGRESSIVE;
				GCC_WARN_UNUSED_FUNCTION = YES;
				GCC_WARN_UNUSED_VARIABLE = YES;
				IPHONEOS_DEPLOYMENT_TARGET = 16.1;
				MTL_ENABLE_DEBUG_INFO = NO;
				MTL_FAST_MATH = YES;
				SDKROOT = iphoneos;
				VALIDATE_PRODUCT = YES;
			};
			name = Release;
		};
		D073F348296C5E3400E25426 /* Debug */ = {
			isa = XCBuildConfiguration;
			buildSettings = {
				ASSETCATALOG_COMPILER_APPICON_NAME = AppIcon;
				ASSETCATALOG_COMPILER_GLOBAL_ACCENT_COLOR_NAME = AccentColor;
				CODE_SIGN_STYLE = Automatic;
				CURRENT_PROJECT_VERSION = 1;
				DEVELOPMENT_TEAM = N8QG99Q2PF;
				GENERATE_INFOPLIST_FILE = YES;
				INFOPLIST_FILE = "tic-tac-toe-plus-OC/Info.plist";
				INFOPLIST_KEY_UIApplicationSupportsIndirectInputEvents = YES;
				INFOPLIST_KEY_UILaunchStoryboardName = LaunchScreen;
				INFOPLIST_KEY_UIMainStoryboardFile = Main;
				INFOPLIST_KEY_UISupportedInterfaceOrientations_iPad = "UIInterfaceOrientationPortrait UIInterfaceOrientationPortraitUpsideDown UIInterfaceOrientationLandscapeLeft UIInterfaceOrientationLandscapeRight";
				INFOPLIST_KEY_UISupportedInterfaceOrientations_iPhone = "UIInterfaceOrientationPortrait UIInterfaceOrientationLandscapeLeft UIInterfaceOrientationLandscapeRight";
				LD_RUNPATH_SEARCH_PATHS = (
					"$(inherited)",
					"@executable_path/Frameworks",
				);
				MARKETING_VERSION = 1.0;
				PRODUCT_BUNDLE_IDENTIFIER = "wang.xvbo.tic-tac-toe-plus-OC";
				PRODUCT_NAME = "$(TARGET_NAME)";
				SWIFT_EMIT_LOC_STRINGS = YES;
				TARGETED_DEVICE_FAMILY = "1,2";
			};
			name = Debug;
		};
		D073F349296C5E3400E25426 /* Release */ = {
			isa = XCBuildConfiguration;
			buildSettings = {
				ASSETCATALOG_COMPILER_APPICON_NAME = AppIcon;
				ASSETCATALOG_COMPILER_GLOBAL_ACCENT_COLOR_NAME = AccentColor;
				CODE_SIGN_STYLE = Automatic;
				CURRENT_PROJECT_VERSION = 1;
				DEVELOPMENT_TEAM = N8QG99Q2PF;
				GENERATE_INFOPLIST_FILE = YES;
				INFOPLIST_FILE = "tic-tac-toe-plus-OC/Info.plist";
				INFOPLIST_KEY_UIApplicationSupportsIndirectInputEvents = YES;
				INFOPLIST_KEY_UILaunchStoryboardName = LaunchScreen;
				INFOPLIST_KEY_UIMainStoryboardFile = Main;
				INFOPLIST_KEY_UISupportedInterfaceOrientations_iPad = "UIInterfaceOrientationPortrait UIInterfaceOrientationPortraitUpsideDown UIInterfaceOrientationLandscapeLeft UIInterfaceOrientationLandscapeRight";
				INFOPLIST_KEY_UISupportedInterfaceOrientations_iPhone = "UIInterfaceOrientationPortrait UIInterfaceOrientationLandscapeLeft UIInterfaceOrientationLandscapeRight";
				LD_RUNPATH_SEARCH_PATHS = (
					"$(inherited)",
					"@executable_path/Frameworks",
				);
				MARKETING_VERSION = 1.0;
				PRODUCT_BUNDLE_IDENTIFIER = "wang.xvbo.tic-tac-toe-plus-OC";
				PRODUCT_NAME = "$(TARGET_NAME)";
				SWIFT_EMIT_LOC_STRINGS = YES;
				TARGETED_DEVICE_FAMILY = "1,2";
			};
			name = Release;
		};
		D073F34B296C5E3400E25426 /* Debug */ = {
			isa = XCBuildConfiguration;
			buildSettings = {
				BUNDLE_LOADER = "$(TEST_HOST)";
				CODE_SIGN_STYLE = Automatic;
				CURRENT_PROJECT_VERSION = 1;
				DEVELOPMENT_TEAM = N8QG99Q2PF;
				GENERATE_INFOPLIST_FILE = YES;
				IPHONEOS_DEPLOYMENT_TARGET = 16.1;
				MARKETING_VERSION = 1.0;
				PRODUCT_BUNDLE_IDENTIFIER = "wang.xvbo.tic-tac-toe-plus-OCTests";
				PRODUCT_NAME = "$(TARGET_NAME)";
				SWIFT_EMIT_LOC_STRINGS = NO;
				TARGETED_DEVICE_FAMILY = "1,2";
				TEST_HOST = "$(BUILT_PRODUCTS_DIR)/tic-tac-toe-plus-OC.app/$(BUNDLE_EXECUTABLE_FOLDER_PATH)/tic-tac-toe-plus-OC";
			};
			name = Debug;
		};
		D073F34C296C5E3400E25426 /* Release */ = {
			isa = XCBuildConfiguration;
			buildSettings = {
				BUNDLE_LOADER = "$(TEST_HOST)";
				CODE_SIGN_STYLE = Automatic;
				CURRENT_PROJECT_VERSION = 1;
				DEVELOPMENT_TEAM = N8QG99Q2PF;
				GENERATE_INFOPLIST_FILE = YES;
				IPHONEOS_DEPLOYMENT_TARGET = 16.1;
				MARKETING_VERSION = 1.0;
				PRODUCT_BUNDLE_IDENTIFIER = "wang.xvbo.tic-tac-toe-plus-OCTests";
				PRODUCT_NAME = "$(TARGET_NAME)";
				SWIFT_EMIT_LOC_STRINGS = NO;
				TARGETED_DEVICE_FAMILY = "1,2";
				TEST_HOST = "$(BUILT_PRODUCTS_DIR)/tic-tac-toe-plus-OC.app/$(BUNDLE_EXECUTABLE_FOLDER_PATH)/tic-tac-toe-plus-OC";
			};
			name = Release;
		};
		D073F34E296C5E3400E25426 /* Debug */ = {
			isa = XCBuildConfiguration;
			buildSettings = {
				CODE_SIGN_STYLE = Automatic;
				CURRENT_PROJECT_VERSION = 1;
				DEVELOPMENT_TEAM = N8QG99Q2PF;
				GENERATE_INFOPLIST_FILE = YES;
				MARKETING_VERSION = 1.0;
				PRODUCT_BUNDLE_IDENTIFIER = "wang.xvbo.tic-tac-toe-plus-OCUITests";
				PRODUCT_NAME = "$(TARGET_NAME)";
				SWIFT_EMIT_LOC_STRINGS = NO;
				TARGETED_DEVICE_FAMILY = "1,2";
				TEST_TARGET_NAME = "tic-tac-toe-plus-OC";
			};
			name = Debug;
		};
		D073F34F296C5E3400E25426 /* Release */ = {
			isa = XCBuildConfiguration;
			buildSettings = {
				CODE_SIGN_STYLE = Automatic;
				CURRENT_PROJECT_VERSION = 1;
				DEVELOPMENT_TEAM = N8QG99Q2PF;
				GENERATE_INFOPLIST_FILE = YES;
				MARKETING_VERSION = 1.0;
				PRODUCT_BUNDLE_IDENTIFIER = "wang.xvbo.tic-tac-toe-plus-OCUITests";
				PRODUCT_NAME = "$(TARGET_NAME)";
				SWIFT_EMIT_LOC_STRINGS = NO;
				TARGETED_DEVICE_FAMILY = "1,2";
				TEST_TARGET_NAME = "tic-tac-toe-plus-OC";
			};
			name = Release;
		};
/* End XCBuildConfiguration section */

/* Begin XCConfigurationList section */
		D073F310296C5E3200E25426 /* Build configuration list for PBXProject "tic-tac-toe-plus-OC" */ = {
			isa = XCConfigurationList;
			buildConfigurations = (
				D073F345296C5E3400E25426 /* Debug */,
				D073F346296C5E3400E25426 /* Release */,
			);
			defaultConfigurationIsVisible = 0;
			defaultConfigurationName = Release;
		};
		D073F347296C5E3400E25426 /* Build configuration list for PBXNativeTarget "tic-tac-toe-plus-OC" */ = {
			isa = XCConfigurationList;
			buildConfigurations = (
				D073F348296C5E3400E25426 /* Debug */,
				D073F349296C5E3400E25426 /* Release */,
			);
			defaultConfigurationIsVisible = 0;
			defaultConfigurationName = Release;
		};
		D073F34A296C5E3400E25426 /* Build configuration list for PBXNativeTarget "tic-tac-toe-plus-OCTests" */ = {
			isa = XCConfigurationList;
			buildConfigurations = (
				D073F34B296C5E3400E25426 /* Debug */,
				D073F34C296C5E3400E25426 /* Release */,
			);
			defaultConfigurationIsVisible = 0;
			defaultConfigurationName = Release;
		};
		D073F34D296C5E3400E25426 /* Build configuration list for PBXNativeTarget "tic-tac-toe-plus-OCUITests" */ = {
			isa = XCConfigurationList;
			buildConfigurations = (
				D073F34E296C5E3400E25426 /* Debug */,
				D073F34F296C5E3400E25426 /* Release */,
			);
			defaultConfigurationIsVisible = 0;
			defaultConfigurationName = Release;
		};
/* End XCConfigurationList section */

/* Begin XCVersionGroup section */
		D073F324296C5E3200E25426 /* tic_tac_toe_plus_OC.xcdatamodeld */ = {
			isa = XCVersionGroup;
			children = (
				D073F325296C5E3200E25426 /* tic_tac_toe_plus_OC.xcdatamodel */,
			);
			currentVersion = D073F325296C5E3200E25426 /* tic_tac_toe_plus_OC.xcdatamodel */;
			path = tic_tac_toe_plus_OC.xcdatamodeld;
			sourceTree = "<group>";
			versionGroupType = wrapper.xcdatamodel;
		};
/* End XCVersionGroup section */
	};
	rootObject = D073F30D296C5E3200E25426 /* Project object */;
}
